
Microsoft Visual Studio Solution File, Format Version 12.00
# Visual Studio 15
VisualStudioVersion = 15.0.27130.2024
MinimumVisualStudioVersion = 10.0.40219.1
Project("{FAE04EC0-301F-11D3-BF4B-00C04F79EFBC}") = "Quest1", "Quest1\Quest1.csproj", "{A387B6BE-C9AC-4BAC-931C-E29D0634122F}"
EndProject
Project("{FAE04EC0-301F-11D3-BF4B-00C04F79EFBC}") = "Quest2", "Quest2\Quest2.csproj", "{EEFC1253-F051-4AC2-86CC-7594F6FB6F07}"
EndProject
Project("{FAE04EC0-301F-11D3-BF4B-00C04F79EFBC}") = "Quest3", "Quest3\Quest3.csproj", "{E36030F1-657F-4498-96DE-C0D1CB6AD065}"
EndProject
Project("{FAE04EC0-301F-11D3-BF4B-00C04F79EFBC}") = "Quest4", "Quest4\Quest4.csproj", "{E4ED989D-50FE-41DE-90B6-AFFCCE4EA760}"
EndProject
Project("{FAE04EC0-301F-11D3-BF4B-00C04F79EFBC}") = "Quest5", "Quest5\Quest5.csproj", "{B904DC1C-0A0C-42BC-89A1-E085222DC94C}"
EndProject
Global
	GlobalSection(SolutionConfigurationPlatforms) = preSolution
		Debug|Any CPU = Debug|Any CPU
		Release|Any CPU = Release|Any CPU
	EndGlobalSection
	GlobalSection(ProjectConfigurationPlatforms) = postSolution
		{A387B6BE-C9AC-4BAC-931C-E29D0634122F}.Debug|Any CPU.ActiveCfg = Debug|Any CPU
		{A387B6BE-C9AC-4BAC-931C-E29D0634122F}.Debug|Any CPU.Build.0 = Debug|Any CPU
		{A387B6BE-C9AC-4BAC-931C-E29D0634122F}.Release|Any CPU.ActiveCfg = Release|Any CPU
		{A387B6BE-C9AC-4BAC-931C-E29D0634122F}.Release|Any CPU.Build.0 = Release|Any CPU
		{EEFC1253-F051-4AC2-86CC-7594F6FB6F07}.Debug|Any CPU.ActiveCfg = Debug|Any CPU
		{EEFC1253-F051-4AC2-86CC-7594F6FB6F07}.Debug|Any CPU.Build.0 = Debug|Any CPU
		{EEFC1253-F051-4AC2-86CC-7594F6FB6F07}.Release|Any CPU.ActiveCfg = Release|Any CPU
		{EEFC1253-F051-4AC2-86CC-7594F6FB6F07}.Release|Any CPU.Build.0 = Release|Any CPU
		{E36030F1-657F-4498-96DE-C0D1CB6AD065}.Debug|Any CPU.ActiveCfg = Debug|Any CPU
		{E36030F1-657F-4498-96DE-C0D1CB6AD065}.Debug|Any CPU.Build.0 = Debug|Any CPU
		{E36030F1-657F-4498-96DE-C0D1CB6AD065}.Release|Any CPU.ActiveCfg = Release|Any CPU
		{E36030F1-657F-4498-96DE-C0D1CB6AD065}.Release|Any CPU.Build.0 = Release|Any CPU
		{E4ED989D-50FE-41DE-90B6-AFFCCE4EA760}.Debug|Any CPU.ActiveCfg = Debug|Any CPU
		{E4ED989D-50FE-41DE-90B6-AFFCCE4EA760}.Debug|Any CPU.Build.0 = Debug|Any CPU
		{E4ED989D-50FE-41DE-90B6-AFFCCE4EA760}.Release|Any CPU.ActiveCfg = Release|Any CPU
		{E4ED989D-50FE-41DE-90B6-AFFCCE4EA760}.Release|Any CPU.Build.0 = Release|Any CPU
		{B904DC1C-0A0C-42BC-89A1-E085222DC94C}.Debug|Any CPU.ActiveCfg = Debug|Any CPU
		{B904DC1C-0A0C-42BC-89A1-E085222DC94C}.Debug|Any CPU.Build.0 = Debug|Any CPU
		{B904DC1C-0A0C-42BC-89A1-E085222DC94C}.Release|Any CPU.ActiveCfg = Release|Any CPU
		{B904DC1C-0A0C-42BC-89A1-E085222DC94C}.Release|Any CPU.Build.0 = Release|Any CPU
	EndGlobalSection
	GlobalSection(SolutionProperties) = preSolution
		HideSolutionNode = FALSE
	EndGlobalSection
	GlobalSection(ExtensibilityGlobals) = postSolution
		SolutionGuid = {8FD862AC-6B69-4812-B5B2-E1FC2D2E2D55}
	EndGlobalSection
EndGlobal
